// !$*UTF8*$!
{
	archiveVersion = 1;
	classes = {
	};
	objectVersion = 55;
	objects = {

/* Begin PBXBuildFile section */
		BF1D0C2F281BB90B00084909 /* View+Ext.swift in Sources */ = {isa = PBXBuildFile; fileRef = BF1D0C2E281BB90B00084909 /* View+Ext.swift */; };
		BF1FC3842817EAAB00DC8A0B /* FivestarKeyBoardAvoidanceDemoApp.swift in Sources */ = {isa = PBXBuildFile; fileRef = BF1FC3832817EAAB00DC8A0B /* FivestarKeyBoardAvoidanceDemoApp.swift */; };
		BF1FC3862817EAAB00DC8A0B /* ContentView.swift in Sources */ = {isa = PBXBuildFile; fileRef = BF1FC3852817EAAB00DC8A0B /* ContentView.swift */; };
		BF1FC3882817EAAC00DC8A0B /* Assets.xcassets in Resources */ = {isa = PBXBuildFile; fileRef = BF1FC3872817EAAC00DC8A0B /* Assets.xcassets */; };
		BF1FC38B2817EAAC00DC8A0B /* Preview Assets.xcassets in Resources */ = {isa = PBXBuildFile; fileRef = BF1FC38A2817EAAC00DC8A0B /* Preview Assets.xcassets */; };
		BF1FC3952817EAAD00DC8A0B /* FivestarKeyBoardAvoidanceDemoTests.swift in Sources */ = {isa = PBXBuildFile; fileRef = BF1FC3942817EAAD00DC8A0B /* FivestarKeyBoardAvoidanceDemoTests.swift */; };
		BF1FC39F2817EAAD00DC8A0B /* FivestarKeyBoardAvoidanceDemoUITests.swift in Sources */ = {isa = PBXBuildFile; fileRef = BF1FC39E2817EAAD00DC8A0B /* FivestarKeyBoardAvoidanceDemoUITests.swift */; };
		BF1FC3A12817EAAD00DC8A0B /* FivestarKeyBoardAvoidanceDemoUITestsLaunchTests.swift in Sources */ = {isa = PBXBuildFile; fileRef = BF1FC3A02817EAAD00DC8A0B /* FivestarKeyBoardAvoidanceDemoUITestsLaunchTests.swift */; };
		BFD8D474281A8A6500965A9C /* ReadAViewSizeDemo.swift in Sources */ = {isa = PBXBuildFile; fileRef = BFD8D473281A8A6500965A9C /* ReadAViewSizeDemo.swift */; };
/* End PBXBuildFile section */

/* Begin PBXContainerItemProxy section */
		BF1FC3912817EAAD00DC8A0B /* PBXContainerItemProxy */ = {
			isa = PBXContainerItemProxy;
			containerPortal = BF1FC3782817EAAB00DC8A0B /* Project object */;
			proxyType = 1;
			remoteGlobalIDString = BF1FC37F2817EAAB00DC8A0B;
			remoteInfo = FivestarKeyBoardAvoidanceDemo;
		};
		BF1FC39B2817EAAD00DC8A0B /* PBXContainerItemProxy */ = {
			isa = PBXContainerItemProxy;
			containerPortal = BF1FC3782817EAAB00DC8A0B /* Project object */;
			proxyType = 1;
			remoteGlobalIDString = BF1FC37F2817EAAB00DC8A0B;
			remoteInfo = FivestarKeyBoardAvoidanceDemo;
		};
/* End PBXContainerItemProxy section */

/* Begin PBXFileReference section */
		BF1D0C2E281BB90B00084909 /* View+Ext.swift */ = {isa = PBXFileReference; lastKnownFileType = sourcecode.swift; path = "View+Ext.swift"; sourceTree = "<group>"; };
		BF1FC3802817EAAB00DC8A0B /* FivestarKeyBoardAvoidanceDemo.app */ = {isa = PBXFileReference; explicitFileType = wrapper.application; includeInIndex = 0; path = FivestarKeyBoardAvoidanceDemo.app; sourceTree = BUILT_PRODUCTS_DIR; };
		BF1FC3832817EAAB00DC8A0B /* FivestarKeyBoardAvoidanceDemoApp.swift */ = {isa = PBXFileReference; lastKnownFileType = sourcecode.swift; path = FivestarKeyBoardAvoidanceDemoApp.swift; sourceTree = "<group>"; };
		BF1FC3852817EAAB00DC8A0B /* ContentView.swift */ = {isa = PBXFileReference; lastKnownFileType = sourcecode.swift; path = ContentView.swift; sourceTree = "<group>"; };
		BF1FC3872817EAAC00DC8A0B /* Assets.xcassets */ = {isa = PBXFileReference; lastKnownFileType = folder.assetcatalog; path = Assets.xcassets; sourceTree = "<group>"; };
		BF1FC38A2817EAAC00DC8A0B /* Preview Assets.xcassets */ = {isa = PBXFileReference; lastKnownFileType = folder.assetcatalog; path = "Preview Assets.xcassets"; sourceTree = "<group>"; };
		BF1FC3902817EAAD00DC8A0B /* FivestarKeyBoardAvoidanceDemoTests.xctest */ = {isa = PBXFileReference; explicitFileType = wrapper.cfbundle; includeInIndex = 0; path = FivestarKeyBoardAvoidanceDemoTests.xctest; sourceTree = BUILT_PRODUCTS_DIR; };
		BF1FC3942817EAAD00DC8A0B /* FivestarKeyBoardAvoidanceDemoTests.swift */ = {isa = PBXFileReference; lastKnownFileType = sourcecode.swift; path = FivestarKeyBoardAvoidanceDemoTests.swift; sourceTree = "<group>"; };
		BF1FC39A2817EAAD00DC8A0B /* FivestarKeyBoardAvoidanceDemoUITests.xctest */ = {isa = PBXFileReference; explicitFileType = wrapper.cfbundle; includeInIndex = 0; path = FivestarKeyBoardAvoidanceDemoUITests.xctest; sourceTree = BUILT_PRODUCTS_DIR; };
		BF1FC39E2817EAAD00DC8A0B /* FivestarKeyBoardAvoidanceDemoUITests.swift */ = {isa = PBXFileReference; lastKnownFileType = sourcecode.swift; path = FivestarKeyBoardAvoidanceDemoUITests.swift; sourceTree = "<group>"; };
		BF1FC3A02817EAAD00DC8A0B /* FivestarKeyBoardAvoidanceDemoUITestsLaunchTests.swift */ = {isa = PBXFileReference; lastKnownFileType = sourcecode.swift; path = FivestarKeyBoardAvoidanceDemoUITestsLaunchTests.swift; sourceTree = "<group>"; };
		BFD8D473281A8A6500965A9C /* ReadAViewSizeDemo.swift */ = {isa = PBXFileReference; lastKnownFileType = sourcecode.swift; path = ReadAViewSizeDemo.swift; sourceTree = "<group>"; };
/* End PBXFileReference section */

/* Begin PBXFrameworksBuildPhase section */
		BF1FC37D2817EAAB00DC8A0B /* Frameworks */ = {
			isa = PBXFrameworksBuildPhase;
			buildActionMask = 2147483647;
			files = (
			);
			runOnlyForDeploymentPostprocessing = 0;
		};
		BF1FC38D2817EAAD00DC8A0B /* Frameworks */ = {
			isa = PBXFrameworksBuildPhase;
			buildActionMask = 2147483647;
			files = (
			);
			runOnlyForDeploymentPostprocessing = 0;
		};
		BF1FC3972817EAAD00DC8A0B /* Frameworks */ = {
			isa = PBXFrameworksBuildPhase;
			buildActionMask = 2147483647;
			files = (
			);
			runOnlyForDeploymentPostprocessing = 0;
		};
/* End PBXFrameworksBuildPhase section */

/* Begin PBXGroup section */
		BF1FC3772817EAAB00DC8A0B = {
			isa = PBXGroup;
			children = (
				BF1FC3822817EAAB00DC8A0B /* FivestarKeyBoardAvoidanceDemo */,
				BF1FC3932817EAAD00DC8A0B /* FivestarKeyBoardAvoidanceDemoTests */,
				BF1FC39D2817EAAD00DC8A0B /* FivestarKeyBoardAvoidanceDemoUITests */,
				BF1FC3812817EAAB00DC8A0B /* Products */,
			);
			sourceTree = "<group>";
		};
		BF1FC3812817EAAB00DC8A0B /* Products */ = {
			isa = PBXGroup;
			children = (
				BF1FC3802817EAAB00DC8A0B /* FivestarKeyBoardAvoidanceDemo.app */,
				BF1FC3902817EAAD00DC8A0B /* FivestarKeyBoardAvoidanceDemoTests.xctest */,
				BF1FC39A2817EAAD00DC8A0B /* FivestarKeyBoardAvoidanceDemoUITests.xctest */,
			);
			name = Products;
			sourceTree = "<group>";
		};
		BF1FC3822817EAAB00DC8A0B /* FivestarKeyBoardAvoidanceDemo */ = {
			isa = PBXGroup;
			children = (
				BF1FC3832817EAAB00DC8A0B /* FivestarKeyBoardAvoidanceDemoApp.swift */,
				BF1FC3852817EAAB00DC8A0B /* ContentView.swift */,
				BFD8D473281A8A6500965A9C /* ReadAViewSizeDemo.swift */,
				BF1D0C2E281BB90B00084909 /* View+Ext.swift */,
				BF1FC3872817EAAC00DC8A0B /* Assets.xcassets */,
				BF1FC3892817EAAC00DC8A0B /* Preview Content */,
			);
			path = FivestarKeyBoardAvoidanceDemo;
			sourceTree = "<group>";
		};
		BF1FC3892817EAAC00DC8A0B /* Preview Content */ = {
			isa = PBXGroup;
			children = (
				BF1FC38A2817EAAC00DC8A0B /* Preview Assets.xcassets */,
			);
			path = "Preview Content";
			sourceTree = "<group>";
		};
		BF1FC3932817EAAD00DC8A0B /* FivestarKeyBoardAvoidanceDemoTests */ = {
			isa = PBXGroup;
			children = (
				BF1FC3942817EAAD00DC8A0B /* FivestarKeyBoardAvoidanceDemoTests.swift */,
			);
			path = FivestarKeyBoardAvoidanceDemoTests;
			sourceTree = "<group>";
		};
		BF1FC39D2817EAAD00DC8A0B /* FivestarKeyBoardAvoidanceDemoUITests */ = {
			isa = PBXGroup;
			children = (
				BF1FC39E2817EAAD00DC8A0B /* FivestarKeyBoardAvoidanceDemoUITests.swift */,
				BF1FC3A02817EAAD00DC8A0B /* FivestarKeyBoardAvoidanceDemoUITestsLaunchTests.swift */,
			);
			path = FivestarKeyBoardAvoidanceDemoUITests;
			sourceTree = "<group>";
		};
/* End PBXGroup section */

/* Begin PBXNativeTarget section */
		BF1FC37F2817EAAB00DC8A0B /* FivestarKeyBoardAvoidanceDemo */ = {
			isa = PBXNativeTarget;
			buildConfigurationList = BF1FC3A42817EAAD00DC8A0B /* Build configuration list for PBXNativeTarget "FivestarKeyBoardAvoidanceDemo" */;
			buildPhases = (
				BF1FC37C2817EAAB00DC8A0B /* Sources */,
				BF1FC37D2817EAAB00DC8A0B /* Frameworks */,
				BF1FC37E2817EAAB00DC8A0B /* Resources */,
			);
			buildRules = (
			);
			dependencies = (
			);
			name = FivestarKeyBoardAvoidanceDemo;
			productName = FivestarKeyBoardAvoidanceDemo;
			productReference = BF1FC3802817EAAB00DC8A0B /* FivestarKeyBoardAvoidanceDemo.app */;
			productType = "com.apple.product-type.application";
		};
		BF1FC38F2817EAAD00DC8A0B /* FivestarKeyBoardAvoidanceDemoTests */ = {
			isa = PBXNativeTarget;
			buildConfigurationList = BF1FC3A72817EAAD00DC8A0B /* Build configuration list for PBXNativeTarget "FivestarKeyBoardAvoidanceDemoTests" */;
			buildPhases = (
				BF1FC38C2817EAAD00DC8A0B /* Sources */,
				BF1FC38D2817EAAD00DC8A0B /* Frameworks */,
				BF1FC38E2817EAAD00DC8A0B /* Resources */,
			);
			buildRules = (
			);
			dependencies = (
				BF1FC3922817EAAD00DC8A0B /* PBXTargetDependency */,
			);
			name = FivestarKeyBoardAvoidanceDemoTests;
			productName = FivestarKeyBoardAvoidanceDemoTests;
			productReference = BF1FC3902817EAAD00DC8A0B /* FivestarKeyBoardAvoidanceDemoTests.xctest */;
			productType = "com.apple.product-type.bundle.unit-test";
		};
		BF1FC3992817EAAD00DC8A0B /* FivestarKeyBoardAvoidanceDemoUITests */ = {
			isa = PBXNativeTarget;
			buildConfigurationList = BF1FC3AA2817EAAD00DC8A0B /* Build configuration list for PBXNativeTarget "FivestarKeyBoardAvoidanceDemoUITests" */;
			buildPhases = (
				BF1FC3962817EAAD00DC8A0B /* Sources */,
				BF1FC3972817EAAD00DC8A0B /* Frameworks */,
				BF1FC3982817EAAD00DC8A0B /* Resources */,
			);
			buildRules = (
			);
			dependencies = (
				BF1FC39C2817EAAD00DC8A0B /* PBXTargetDependency */,
			);
			name = FivestarKeyBoardAvoidanceDemoUITests;
			productName = FivestarKeyBoardAvoidanceDemoUITests;
			productReference = BF1FC39A2817EAAD00DC8A0B /* FivestarKeyBoardAvoidanceDemoUITests.xctest */;
			productType = "com.apple.product-type.bundle.ui-testing";
		};
/* End PBXNativeTarget section */

/* Begin PBXProject section */
		BF1FC3782817EAAB00DC8A0B /* Project object */ = {
			isa = PBXProject;
			attributes = {
				BuildIndependentTargetsInParallel = 1;
				LastSwiftUpdateCheck = 1330;
				LastUpgradeCheck = 1330;
				TargetAttributes = {
					BF1FC37F2817EAAB00DC8A0B = {
						CreatedOnToolsVersion = 13.3;
					};
					BF1FC38F2817EAAD00DC8A0B = {
						CreatedOnToolsVersion = 13.3;
						TestTargetID = BF1FC37F2817EAAB00DC8A0B;
					};
					BF1FC3992817EAAD00DC8A0B = {
						CreatedOnToolsVersion = 13.3;
						TestTargetID = BF1FC37F2817EAAB00DC8A0B;
					};
				};
			};
			buildConfigurationList = BF1FC37B2817EAAB00DC8A0B /* Build configuration list for PBXProject "FivestarKeyBoardAvoidanceDemo" */;
			compatibilityVersion = "Xcode 13.0";
			developmentRegion = en;
			hasScannedForEncodings = 0;
			knownRegions = (
				en,
				Base,
			);
			mainGroup = BF1FC3772817EAAB00DC8A0B;
			productRefGroup = BF1FC3812817EAAB00DC8A0B /* Products */;
			projectDirPath = "";
			projectRoot = "";
			targets = (
				BF1FC37F2817EAAB00DC8A0B /* FivestarKeyBoardAvoidanceDemo */,
				BF1FC38F2817EAAD00DC8A0B /* FivestarKeyBoardAvoidanceDemoTests */,
				BF1FC3992817EAAD00DC8A0B /* FivestarKeyBoardAvoidanceDemoUITests */,
			);
		};
/* End PBXProject section */

/* Begin PBXResourcesBuildPhase section */
		BF1FC37E2817EAAB00DC8A0B /* Resources */ = {
			isa = PBXResourcesBuildPhase;
			buildActionMask = 2147483647;
			files = (
				BF1FC38B2817EAAC00DC8A0B /* Preview Assets.xcassets in Resources */,
				BF1FC3882817EAAC00DC8A0B /* Assets.xcassets in Resources */,
			);
			runOnlyForDeploymentPostprocessing = 0;
		};
		BF1FC38E2817EAAD00DC8A0B /* Resources */ = {
			isa = PBXResourcesBuildPhase;
			buildActionMask = 2147483647;
			files = (
			);
			runOnlyForDeploymentPostprocessing = 0;
		};
		BF1FC3982817EAAD00DC8A0B /* Resources */ = {
			isa = PBXResourcesBuildPhase;
			buildActionMask = 2147483647;
			files = (
			);
			runOnlyForDeploymentPostprocessing = 0;
		};
/* End PBXResourcesBuildPhase section */

/* Begin PBXSourcesBuildPhase section */
		BF1FC37C2817EAAB00DC8A0B /* Sources */ = {
			isa = PBXSourcesBuildPhase;
			buildActionMask = 2147483647;
			files = (
				BF1D0C2F281BB90B00084909 /* View+Ext.swift in Sources */,
				BFD8D474281A8A6500965A9C /* ReadAViewSizeDemo.swift in Sources */,
				BF1FC3862817EAAB00DC8A0B /* ContentView.swift in Sources */,
				BF1FC3842817EAAB00DC8A0B /* FivestarKeyBoardAvoidanceDemoApp.swift in Sources */,
			);
			runOnlyForDeploymentPostprocessing = 0;
		};
		BF1FC38C2817EAAD00DC8A0B /* Sources */ = {
			isa = PBXSourcesBuildPhase;
			buildActionMask = 2147483647;
			files = (
				BF1FC3952817EAAD00DC8A0B /* FivestarKeyBoardAvoidanceDemoTests.swift in Sources */,
			);
			runOnlyForDeploymentPostprocessing = 0;
		};
		BF1FC3962817EAAD00DC8A0B /* Sources */ = {
			isa = PBXSourcesBuildPhase;
			buildActionMask = 2147483647;
			files = (
				BF1FC39F2817EAAD00DC8A0B /* FivestarKeyBoardAvoidanceDemoUITests.swift in Sources */,
				BF1FC3A12817EAAD00DC8A0B /* FivestarKeyBoardAvoidanceDemoUITestsLaunchTests.swift in Sources */,
			);
			runOnlyForDeploymentPostprocessing = 0;
		};
/* End PBXSourcesBuildPhase section */

/* Begin PBXTargetDependency section */
		BF1FC3922817EAAD00DC8A0B /* PBXTargetDependency */ = {
			isa = PBXTargetDependency;
			target = BF1FC37F2817EAAB00DC8A0B /* FivestarKeyBoardAvoidanceDemo */;
			targetProxy = BF1FC3912817EAAD00DC8A0B /* PBXContainerItemProxy */;
		};
		BF1FC39C2817EAAD00DC8A0B /* PBXTargetDependency */ = {
			isa = PBXTargetDependency;
			target = BF1FC37F2817EAAB00DC8A0B /* FivestarKeyBoardAvoidanceDemo */;
			targetProxy = BF1FC39B2817EAAD00DC8A0B /* PBXContainerItemProxy */;
		};
/* End PBXTargetDependency section */

/* Begin XCBuildConfiguration section */
		BF1FC3A22817EAAD00DC8A0B /* Debug */ = {
			isa = XCBuildConfiguration;
			buildSettings = {
				ALWAYS_SEARCH_USER_PATHS = NO;
				CLANG_ANALYZER_NONNULL = YES;
				CLANG_ANALYZER_NUMBER_OBJECT_CONVERSION = YES_AGGRESSIVE;
				CLANG_CXX_LANGUAGE_STANDARD = "gnu++17";
				CLANG_ENABLE_MODULES = YES;
				CLANG_ENABLE_OBJC_ARC = YES;
				CLANG_ENABLE_OBJC_WEAK = YES;
				CLANG_WARN_BLOCK_CAPTURE_AUTORELEASING = YES;
				CLANG_WARN_BOOL_CONVERSION = YES;
				CLANG_WARN_COMMA = YES;
				CLANG_WARN_CONSTANT_CONVERSION = YES;
				CLANG_WARN_DEPRECATED_OBJC_IMPLEMENTATIONS = YES;
				CLANG_WARN_DIRECT_OBJC_ISA_USAGE = YES_ERROR;
				CLANG_WARN_DOCUMENTATION_COMMENTS = YES;
				CLANG_WARN_EMPTY_BODY = YES;
				CLANG_WARN_ENUM_CONVERSION = YES;
				CLANG_WARN_INFINITE_RECURSION = YES;
				CLANG_WARN_INT_CONVERSION = YES;
				CLANG_WARN_NON_LITERAL_NULL_CONVERSION = YES;
				CLANG_WARN_OBJC_IMPLICIT_RETAIN_SELF = YES;
				CLANG_WARN_OBJC_LITERAL_CONVERSION = YES;
				CLANG_WARN_OBJC_ROOT_CLASS = YES_ERROR;
				CLANG_WARN_QUOTED_INCLUDE_IN_FRAMEWORK_HEADER = YES;
				CLANG_WARN_RANGE_LOOP_ANALYSIS = YES;
				CLANG_WARN_STRICT_PROTOTYPES = YES;
				CLANG_WARN_SUSPICIOUS_MOVE = YES;
				CLANG_WARN_UNGUARDED_AVAILABILITY = YES_AGGRESSIVE;
				CLANG_WARN_UNREACHABLE_CODE = YES;
				CLANG_WARN__DUPLICATE_METHOD_MATCH = YES;
				COPY_PHASE_STRIP = NO;
				DEBUG_INFORMATION_FORMAT = dwarf;
				ENABLE_STRICT_OBJC_MSGSEND = YES;
				ENABLE_TESTABILITY = YES;
				GCC_C_LANGUAGE_STANDARD = gnu11;
				GCC_DYNAMIC_NO_PIC = NO;
				GCC_NO_COMMON_BLOCKS = YES;
				GCC_OPTIMIZATION_LEVEL = 0;
				GCC_PREPROCESSOR_DEFINITIONS = (
					"DEBUG=1",
					"$(inherited)",
				);
				GCC_WARN_64_TO_32_BIT_CONVERSION = YES;
				GCC_WARN_ABOUT_RETURN_TYPE = YES_ERROR;
				GCC_WARN_UNDECLARED_SELECTOR = YES;
				GCC_WARN_UNINITIALIZED_AUTOS = YES_AGGRESSIVE;
				GCC_WARN_UNUSED_FUNCTION = YES;
				GCC_WARN_UNUSED_VARIABLE = YES;
				IPHONEOS_DEPLOYMENT_TARGET = 15.4;
				MTL_ENABLE_DEBUG_INFO = INCLUDE_SOURCE;
				MTL_FAST_MATH = YES;
				ONLY_ACTIVE_ARCH = YES;
				SDKROOT = iphoneos;
				SWIFT_ACTIVE_COMPILATION_CONDITIONS = DEBUG;
				SWIFT_OPTIMIZATION_LEVEL = "-Onone";
			};
			name = Debug;
		};
		BF1FC3A32817EAAD00DC8A0B /* Release */ = {
			isa = XCBuildConfiguration;
			buildSettings = {
				ALWAYS_SEARCH_USER_PATHS = NO;
				CLANG_ANALYZER_NONNULL = YES;
				CLANG_ANALYZER_NUMBER_OBJECT_CONVERSION = YES_AGGRESSIVE;
				CLANG_CXX_LANGUAGE_STANDARD = "gnu++17";
				CLANG_ENABLE_MODULES = YES;
				CLANG_ENABLE_OBJC_ARC = YES;
				CLANG_ENABLE_OBJC_WEAK = YES;
				CLANG_WARN_BLOCK_CAPTURE_AUTORELEASING = YES;
				CLANG_WARN_BOOL_CONVERSION = YES;
				CLANG_WARN_COMMA = YES;
				CLANG_WARN_CONSTANT_CONVERSION = YES;
				CLANG_WARN_DEPRECATED_OBJC_IMPLEMENTATIONS = YES;
				CLANG_WARN_DIRECT_OBJC_ISA_USAGE = YES_ERROR;
				CLANG_WARN_DOCUMENTATION_COMMENTS = YES;
				CLANG_WARN_EMPTY_BODY = YES;
				CLANG_WARN_ENUM_CONVERSION = YES;
				CLANG_WARN_INFINITE_RECURSION = YES;
				CLANG_WARN_INT_CONVERSION = YES;
				CLANG_WARN_NON_LITERAL_NULL_CONVERSION = YES;
				CLANG_WARN_OBJC_IMPLICIT_RETAIN_SELF = YES;
				CLANG_WARN_OBJC_LITERAL_CONVERSION = YES;
				CLANG_WARN_OBJC_ROOT_CLASS = YES_ERROR;
				CLANG_WARN_QUOTED_INCLUDE_IN_FRAMEWORK_HEADER = YES;
				CLANG_WARN_RANGE_LOOP_ANALYSIS = YES;
				CLANG_WARN_STRICT_PROTOTYPES = YES;
				CLANG_WARN_SUSPICIOUS_MOVE = YES;
				CLANG_WARN_UNGUARDED_AVAILABILITY = YES_AGGRESSIVE;
				CLANG_WARN_UNREACHABLE_CODE = YES;
				CLANG_WARN__DUPLICATE_METHOD_MATCH = YES;
				COPY_PHASE_STRIP = NO;
				DEBUG_INFORMATION_FORMAT = "dwarf-with-dsym";
				ENABLE_NS_ASSERTIONS = NO;
				ENABLE_STRICT_OBJC_MSGSEND = YES;
				GCC_C_LANGUAGE_STANDARD = gnu11;
				GCC_NO_COMMON_BLOCKS = YES;
				GCC_WARN_64_TO_32_BIT_CONVERSION = YES;
				GCC_WARN_ABOUT_RETURN_TYPE = YES_ERROR;
				GCC_WARN_UNDECLARED_SELECTOR = YES;
				GCC_WARN_UNINITIALIZED_AUTOS = YES_AGGRESSIVE;
				GCC_WARN_UNUSED_FUNCTION = YES;
				GCC_WARN_UNUSED_VARIABLE = YES;
				IPHONEOS_DEPLOYMENT_TARGET = 15.4;
				MTL_ENABLE_DEBUG_INFO = NO;
				MTL_FAST_MATH = YES;
				SDKROOT = iphoneos;
				SWIFT_COMPILATION_MODE = wholemodule;
				SWIFT_OPTIMIZATION_LEVEL = "-O";
				VALIDATE_PRODUCT = YES;
			};
			name = Release;
		};
		BF1FC3A52817EAAD00DC8A0B /* Debug */ = {
			isa = XCBuildConfiguration;
			buildSettings = {
				ASSETCATALOG_COMPILER_APPICON_NAME = AppIcon;
				ASSETCATALOG_COMPILER_GLOBAL_ACCENT_COLOR_NAME = AccentColor;
				CODE_SIGN_STYLE = Automatic;
				CURRENT_PROJECT_VERSION = 1;
				DEVELOPMENT_ASSET_PATHS = "\"FivestarKeyBoardAvoidanceDemo/Preview Content\"";
				DEVELOPMENT_TEAM = 9T3DK8DFL5;
				ENABLE_PREVIEWS = YES;
				GENERATE_INFOPLIST_FILE = YES;
				INFOPLIST_KEY_UIApplicationSceneManifest_Generation = YES;
				INFOPLIST_KEY_UIApplicationSupportsIndirectInputEvents = YES;
				INFOPLIST_KEY_UILaunchScreen_Generation = YES;
				INFOPLIST_KEY_UISupportedInterfaceOrientations_iPad = "UIInterfaceOrientationPortrait UIInterfaceOrientationPortraitUpsideDown UIInterfaceOrientationLandscapeLeft UIInterfaceOrientationLandscapeRight";
				INFOPLIST_KEY_UISupportedInterfaceOrientations_iPhone = "UIInterfaceOrientationPortrait UIInterfaceOrientationLandscapeLeft UIInterfaceOrientationLandscapeRight";
				LD_RUNPATH_SEARCH_PATHS = (
					"$(inherited)",
					"@executable_path/Frameworks",
				);
				MARKETING_VERSION = 1.0;
				PRODUCT_BUNDLE_IDENTIFIER = frozenpizza.co.FivestarKeyBoardAvoidanceDemo;
				PRODUCT_NAME = "$(TARGET_NAME)";
				SWIFT_EMIT_LOC_STRINGS = YES;
				SWIFT_VERSION = 5.0;
				TARGETED_DEVICE_FAMILY = "1,2";
			};
			name = Debug;
		};
		BF1FC3A62817EAAD00DC8A0B /* Release */ = {
			isa = XCBuildConfiguration;
			buildSettings = {
				ASSETCATALOG_COMPILER_APPICON_NAME = AppIcon;
				ASSETCATALOG_COMPILER_GLOBAL_ACCENT_COLOR_NAME = AccentColor;
				CODE_SIGN_STYLE = Automatic;
				CURRENT_PROJECT_VERSION = 1;
				DEVELOPMENT_ASSET_PATHS = "\"FivestarKeyBoardAvoidanceDemo/Preview Content\"";
				DEVELOPMENT_TEAM = 9T3DK8DFL5;
				ENABLE_PREVIEWS = YES;
				GENERATE_INFOPLIST_FILE = YES;
				INFOPLIST_KEY_UIApplicationSceneManifest_Generation = YES;
				INFOPLIST_KEY_UIApplicationSupportsIndirectInputEvents = YES;
				INFOPLIST_KEY_UILaunchScreen_Generation = YES;
				INFOPLIST_KEY_UISupportedInterfaceOrientations_iPad = "UIInterfaceOrientationPortrait UIInterfaceOrientationPortraitUpsideDown UIInterfaceOrientationLandscapeLeft UIInterfaceOrientationLandscapeRight";
				INFOPLIST_KEY_UISupportedInterfaceOrientations_iPhone = "UIInterfaceOrientationPortrait UIInterfaceOrientationLandscapeLeft UIInterfaceOrientationLandscapeRight";
				LD_RUNPATH_SEARCH_PATHS = (
					"$(inherited)",
					"@executable_path/Frameworks",
				);
				MARKETING_VERSION = 1.0;
				PRODUCT_BUNDLE_IDENTIFIER = frozenpizza.co.FivestarKeyBoardAvoidanceDemo;
				PRODUCT_NAME = "$(TARGET_NAME)";
				SWIFT_EMIT_LOC_STRINGS = YES;
				SWIFT_VERSION = 5.0;
				TARGETED_DEVICE_FAMILY = "1,2";
			};
			name = Release;
		};
		BF1FC3A82817EAAD00DC8A0B /* Debug */ = {
			isa = XCBuildConfiguration;
			buildSettings = {
				ALWAYS_EMBED_SWIFT_STANDARD_LIBRARIES = YES;
				BUNDLE_LOADER = "$(TEST_HOST)";
				CODE_SIGN_STYLE = Automatic;
				CURRENT_PROJECT_VERSION = 1;
				DEVELOPMENT_TEAM = 9T3DK8DFL5;
				GENERATE_INFOPLIST_FILE = YES;
				IPHONEOS_DEPLOYMENT_TARGET = 15.4;
				MARKETING_VERSION = 1.0;
				PRODUCT_BUNDLE_IDENTIFIER = frozenpizza.co.FivestarKeyBoardAvoidanceDemoTests;
				PRODUCT_NAME = "$(TARGET_NAME)";
				SWIFT_EMIT_LOC_STRINGS = NO;
				SWIFT_VERSION = 5.0;
				TARGETED_DEVICE_FAMILY = "1,2";
				TEST_HOST = "$(BUILT_PRODUCTS_DIR)/FivestarKeyBoardAvoidanceDemo.app/FivestarKeyBoardAvoidanceDemo";
			};
			name = Debug;
		};
		BF1FC3A92817EAAD00DC8A0B /* Release */ = {
			isa = XCBuildConfiguration;
			buildSettings = {
				ALWAYS_EMBED_SWIFT_STANDARD_LIBRARIES = YES;
				BUNDLE_LOADER = "$(TEST_HOST)";
				CODE_SIGN_STYLE = Automatic;
				CURRENT_PROJECT_VERSION = 1;
				DEVELOPMENT_TEAM = 9T3DK8DFL5;
				GENERATE_INFOPLIST_FILE = YES;
				IPHONEOS_DEPLOYMENT_TARGET = 15.4;
				MARKETING_VERSION = 1.0;
				PRODUCT_BUNDLE_IDENTIFIER = frozenpizza.co.FivestarKeyBoardAvoidanceDemoTests;
				PRODUCT_NAME = "$(TARGET_NAME)";
				SWIFT_EMIT_LOC_STRINGS = NO;
				SWIFT_VERSION = 5.0;
				TARGETED_DEVICE_FAMILY = "1,2";
				TEST_HOST = "$(BUILT_PRODUCTS_DIR)/FivestarKeyBoardAvoidanceDemo.app/FivestarKeyBoardAvoidanceDemo";
			};
			name = Release;
		};
		BF1FC3AB2817EAAD00DC8A0B /* Debug */ = {
			isa = XCBuildConfiguration;
			buildSettings = {
				ALWAYS_EMBED_SWIFT_STANDARD_LIBRARIES = YES;
				CODE_SIGN_STYLE = Automatic;
				CURRENT_PROJECT_VERSION = 1;
				DEVELOPMENT_TEAM = 9T3DK8DFL5;
				GENERATE_INFOPLIST_FILE = YES;
				MARKETING_VERSION = 1.0;
				PRODUCT_BUNDLE_IDENTIFIER = frozenpizza.co.FivestarKeyBoardAvoidanceDemoUITests;
				PRODUCT_NAME = "$(TARGET_NAME)";
				SWIFT_EMIT_LOC_STRINGS = NO;
				SWIFT_VERSION = 5.0;
				TARGETED_DEVICE_FAMILY = "1,2";
				TEST_TARGET_NAME = FivestarKeyBoardAvoidanceDemo;
			};
			name = Debug;
		};
		BF1FC3AC2817EAAD00DC8A0B /* Release */ = {
			isa = XCBuildConfiguration;
			buildSettings = {
				ALWAYS_EMBED_SWIFT_STANDARD_LIBRARIES = YES;
				CODE_SIGN_STYLE = Automatic;
				CURRENT_PROJECT_VERSION = 1;
				DEVELOPMENT_TEAM = 9T3DK8DFL5;
				GENERATE_INFOPLIST_FILE = YES;
				MARKETING_VERSION = 1.0;
				PRODUCT_BUNDLE_IDENTIFIER = frozenpizza.co.FivestarKeyBoardAvoidanceDemoUITests;
				PRODUCT_NAME = "$(TARGET_NAME)";
				SWIFT_EMIT_LOC_STRINGS = NO;
				SWIFT_VERSION = 5.0;
				TARGETED_DEVICE_FAMILY = "1,2";
				TEST_TARGET_NAME = FivestarKeyBoardAvoidanceDemo;
			};
			name = Release;
		};
/* End XCBuildConfiguration section */

/* Begin XCConfigurationList section */
		BF1FC37B2817EAAB00DC8A0B /* Build configuration list for PBXProject "FivestarKeyBoardAvoidanceDemo" */ = {
			isa = XCConfigurationList;
			buildConfigurations = (
				BF1FC3A22817EAAD00DC8A0B /* Debug */,
				BF1FC3A32817EAAD00DC8A0B /* Release */,
			);
			defaultConfigurationIsVisible = 0;
			defaultConfigurationName = Release;
		};
		BF1FC3A42817EAAD00DC8A0B /* Build configuration list for PBXNativeTarget "FivestarKeyBoardAvoidanceDemo" */ = {
			isa = XCConfigurationList;
			buildConfigurations = (
				BF1FC3A52817EAAD00DC8A0B /* Debug */,
				BF1FC3A62817EAAD00DC8A0B /* Release */,
			);
			defaultConfigurationIsVisible = 0;
			defaultConfigurationName = Release;
		};
		BF1FC3A72817EAAD00DC8A0B /* Build configuration list for PBXNativeTarget "FivestarKeyBoardAvoidanceDemoTests" */ = {
			isa = XCConfigurationList;
			buildConfigurations = (
				BF1FC3A82817EAAD00DC8A0B /* Debug */,
				BF1FC3A92817EAAD00DC8A0B /* Release */,
			);
			defaultConfigurationIsVisible = 0;
			defaultConfigurationName = Release;
		};
		BF1FC3AA2817EAAD00DC8A0B /* Build configuration list for PBXNativeTarget "FivestarKeyBoardAvoidanceDemoUITests" */ = {
			isa = XCConfigurationList;
			buildConfigurations = (
				BF1FC3AB2817EAAD00DC8A0B /* Debug */,
				BF1FC3AC2817EAAD00DC8A0B /* Release */,
			);
			defaultConfigurationIsVisible = 0;
			defaultConfigurationName = Release;
		};
/* End XCConfigurationList section */
	};
	rootObject = BF1FC3782817EAAB00DC8A0B /* Project object */;
}
